// !$*UTF8*$!
{
	archiveVersion = 1;
	classes = {
	};
	objectVersion = 50;
	objects = {

/* Begin PBXBuildFile section */
		8459280521EF7BB600FF1F18 /* AppDelegate.swift in Sources */ = {isa = PBXBuildFile; fileRef = 8459280421EF7BB600FF1F18 /* AppDelegate.swift */; };
		8459280721EF7BB600FF1F18 /* ViewController.swift in Sources */ = {isa = PBXBuildFile; fileRef = 8459280621EF7BB600FF1F18 /* ViewController.swift */; };
		8459280A21EF7BB600FF1F18 /* Main.storyboard in Resources */ = {isa = PBXBuildFile; fileRef = 8459280821EF7BB600FF1F18 /* Main.storyboard */; };
		8459280C21EF7BBF00FF1F18 /* Assets.xcassets in Resources */ = {isa = PBXBuildFile; fileRef = 8459280B21EF7BBF00FF1F18 /* Assets.xcassets */; };
		8459280F21EF7BBF00FF1F18 /* LaunchScreen.storyboard in Resources */ = {isa = PBXBuildFile; fileRef = 8459280D21EF7BBF00FF1F18 /* LaunchScreen.storyboard */; };
		8459281821EF9F4D00FF1F18 /* IncidentRootJSON.swift in Sources */ = {isa = PBXBuildFile; fileRef = 8459281721EF9F4D00FF1F18 /* IncidentRootJSON.swift */; };
/* End PBXBuildFile section */

/* Begin PBXFileReference section */
		8459280121EF7BB600FF1F18 /* playingWithJSONParsing.app */ = {isa = PBXFileReference; explicitFileType = wrapper.application; includeInIndex = 0; path = playingWithJSONParsing.app; sourceTree = BUILT_PRODUCTS_DIR; };
		8459280421EF7BB600FF1F18 /* AppDelegate.swift */ = {isa = PBXFileReference; lastKnownFileType = sourcecode.swift; path = AppDelegate.swift; sourceTree = "<group>"; };
		8459280621EF7BB600FF1F18 /* ViewController.swift */ = {isa = PBXFileReference; lastKnownFileType = sourcecode.swift; path = ViewController.swift; sourceTree = "<group>"; };
		8459280921EF7BB600FF1F18 /* Base */ = {isa = PBXFileReference; lastKnownFileType = file.storyboard; name = Base; path = Base.lproj/Main.storyboard; sourceTree = "<group>"; };
		8459280B21EF7BBF00FF1F18 /* Assets.xcassets */ = {isa = PBXFileReference; lastKnownFileType = folder.assetcatalog; path = Assets.xcassets; sourceTree = "<group>"; };
		8459280E21EF7BBF00FF1F18 /* Base */ = {isa = PBXFileReference; lastKnownFileType = file.storyboard; name = Base; path = Base.lproj/LaunchScreen.storyboard; sourceTree = "<group>"; };
		8459281021EF7BBF00FF1F18 /* Info.plist */ = {isa = PBXFileReference; lastKnownFileType = text.plist.xml; path = Info.plist; sourceTree = "<group>"; };
		8459281721EF9F4D00FF1F18 /* IncidentRootJSON.swift */ = {isa = PBXFileReference; lastKnownFileType = sourcecode.swift; path = IncidentRootJSON.swift; sourceTree = "<group>"; };
/* End PBXFileReference section */

/* Begin PBXFrameworksBuildPhase section */
		845927FE21EF7BB600FF1F18 /* Frameworks */ = {
			isa = PBXFrameworksBuildPhase;
			buildActionMask = 2147483647;
			files = (
			);
			runOnlyForDeploymentPostprocessing = 0;
		};
/* End PBXFrameworksBuildPhase section */

/* Begin PBXGroup section */
		845927F821EF7BB600FF1F18 = {
			isa = PBXGroup;
			children = (
				8459281621EF9F2C00FF1F18 /* models */,
				8459280321EF7BB600FF1F18 /* playingWithJSONParsing */,
				8459280221EF7BB600FF1F18 /* Products */,
			);
			sourceTree = "<group>";
		};
		8459280221EF7BB600FF1F18 /* Products */ = {
			isa = PBXGroup;
			children = (
				8459280121EF7BB600FF1F18 /* playingWithJSONParsing.app */,
			);
			name = Products;
			sourceTree = "<group>";
		};
		8459280321EF7BB600FF1F18 /* playingWithJSONParsing */ = {
			isa = PBXGroup;
			children = (
				8459280421EF7BB600FF1F18 /* AppDelegate.swift */,
				8459280621EF7BB600FF1F18 /* ViewController.swift */,
				8459280821EF7BB600FF1F18 /* Main.storyboard */,
				8459280B21EF7BBF00FF1F18 /* Assets.xcassets */,
				8459280D21EF7BBF00FF1F18 /* LaunchScreen.storyboard */,
				8459281021EF7BBF00FF1F18 /* Info.plist */,
			);
			path = playingWithJSONParsing;
			sourceTree = "<group>";
		};
		8459281621EF9F2C00FF1F18 /* models */ = {
			isa = PBXGroup;
			children = (
				8459281721EF9F4D00FF1F18 /* IncidentRootJSON.swift */,
			);
			path = models;
			sourceTree = "<group>";
		};
/* End PBXGroup section */

/* Begin PBXNativeTarget section */
		8459280021EF7BB600FF1F18 /* playingWithJSONParsing */ = {
			isa = PBXNativeTarget;
			buildConfigurationList = 8459281321EF7BBF00FF1F18 /* Build configuration list for PBXNativeTarget "playingWithJSONParsing" */;
			buildPhases = (
				845927FD21EF7BB600FF1F18 /* Sources */,
				845927FE21EF7BB600FF1F18 /* Frameworks */,
				845927FF21EF7BB600FF1F18 /* Resources */,
			);
			buildRules = (
			);
			dependencies = (
			);
			name = playingWithJSONParsing;
			productName = playingWithJSONParsing;
			productReference = 8459280121EF7BB600FF1F18 /* playingWithJSONParsing.app */;
			productType = "com.apple.product-type.application";
		};
/* End PBXNativeTarget section */

/* Begin PBXProject section */
		845927F921EF7BB600FF1F18 /* Project object */ = {
			isa = PBXProject;
			attributes = {
				LastSwiftUpdateCheck = 1010;
				LastUpgradeCheck = 1010;
				ORGANIZATIONNAME = "Jason Kwak";
				TargetAttributes = {
					8459280021EF7BB600FF1F18 = {
						CreatedOnToolsVersion = 10.1;
					};
				};
			};
			buildConfigurationList = 845927FC21EF7BB600FF1F18 /* Build configuration list for PBXProject "playingWithJSONParsing" */;
			compatibilityVersion = "Xcode 9.3";
			developmentRegion = en;
			hasScannedForEncodings = 0;
			knownRegions = (
				en,
				Base,
			);
			mainGroup = 845927F821EF7BB600FF1F18;
			productRefGroup = 8459280221EF7BB600FF1F18 /* Products */;
			projectDirPath = "";
			projectRoot = "";
			targets = (
				8459280021EF7BB600FF1F18 /* playingWithJSONParsing */,
			);
		};
/* End PBXProject section */

/* Begin PBXResourcesBuildPhase section */
		845927FF21EF7BB600FF1F18 /* Resources */ = {
			isa = PBXResourcesBuildPhase;
			buildActionMask = 2147483647;
			files = (
				8459280F21EF7BBF00FF1F18 /* LaunchScreen.storyboard in Resources */,
				8459280C21EF7BBF00FF1F18 /* Assets.xcassets in Resources */,
				8459280A21EF7BB600FF1F18 /* Main.storyboard in Resources */,
			);
			runOnlyForDeploymentPostprocessing = 0;
		};
/* End PBXResourcesBuildPhase section */

/* Begin PBXSourcesBuildPhase section */
		845927FD21EF7BB600FF1F18 /* Sources */ = {
			isa = PBXSourcesBuildPhase;
			buildActionMask = 2147483647;
			files = (
				8459280721EF7BB600FF1F18 /* ViewController.swift in Sources */,
				8459281821EF9F4D00FF1F18 /* IncidentRootJSON.swift in Sources */,
				8459280521EF7BB600FF1F18 /* AppDelegate.swift in Sources */,
			);
			runOnlyForDeploymentPostprocessing = 0;
		};
/* End PBXSourcesBuildPhase section */

/* Begin PBXVariantGroup section */
		8459280821EF7BB600FF1F18 /* Main.storyboard */ = {
			isa = PBXVariantGroup;
			children = (
				8459280921EF7BB600FF1F18 /* Base */,
			);
			name = Main.storyboard;
			sourceTree = "<group>";
		};
		8459280D21EF7BBF00FF1F18 /* LaunchScreen.storyboard */ = {
			isa = PBXVariantGroup;
			children = (
				8459280E21EF7BBF00FF1F18 /* Base */,
			);
			name = LaunchScreen.storyboard;
			sourceTree = "<group>";
		};
/* End PBXVariantGroup section */

/* Begin XCBuildConfiguration section */
		8459281121EF7BBF00FF1F18 /* Debug */ = {
			isa = XCBuildConfiguration;
			buildSettings = {
				ALWAYS_SEARCH_USER_PATHS = NO;
				CLANG_ANALYZER_NONNULL = YES;
				CLANG_ANALYZER_NUMBER_OBJECT_CONVERSION = YES_AGGRESSIVE;
				CLANG_CXX_LANGUAGE_STANDARD = "gnu++14";
				CLANG_CXX_LIBRARY = "libc++";
				CLANG_ENABLE_MODULES = YES;
				CLANG_ENABLE_OBJC_ARC = YES;
				CLANG_ENABLE_OBJC_WEAK = YES;
				CLANG_WARN_BLOCK_CAPTURE_AUTORELEASING = YES;
				CLANG_WARN_BOOL_CONVERSION = YES;
				CLANG_WARN_COMMA = YES;
				CLANG_WARN_CONSTANT_CONVERSION = YES;
				CLANG_WARN_DEPRECATED_OBJC_IMPLEMENTATIONS = YES;
				CLANG_WARN_DIRECT_OBJC_ISA_USAGE = YES_ERROR;
				CLANG_WARN_DOCUMENTATION_COMMENTS = YES;
				CLANG_WARN_EMPTY_BODY = YES;
				CLANG_WARN_ENUM_CONVERSION = YES;
				CLANG_WARN_INFINITE_RECURSION = YES;
				CLANG_WARN_INT_CONVERSION = YES;
				CLANG_WARN_NON_LITERAL_NULL_CONVERSION = YES;
				CLANG_WARN_OBJC_IMPLICIT_RETAIN_SELF = YES;
				CLANG_WARN_OBJC_LITERAL_CONVERSION = YES;
				CLANG_WARN_OBJC_ROOT_CLASS = YES_ERROR;
				CLANG_WARN_RANGE_LOOP_ANALYSIS = YES;
				CLANG_WARN_STRICT_PROTOTYPES = YES;
				CLANG_WARN_SUSPICIOUS_MOVE = YES;
				CLANG_WARN_UNGUARDED_AVAILABILITY = YES_AGGRESSIVE;
				CLANG_WARN_UNREACHABLE_CODE = YES;
				CLANG_WARN__DUPLICATE_METHOD_MATCH = YES;
				CODE_SIGN_IDENTITY = "iPhone Developer";
				COPY_PHASE_STRIP = NO;
				DEBUG_INFORMATION_FORMAT = dwarf;
				ENABLE_STRICT_OBJC_MSGSEND = YES;
				ENABLE_TESTABILITY = YES;
				GCC_C_LANGUAGE_STANDARD = gnu11;
				GCC_DYNAMIC_NO_PIC = NO;
				GCC_NO_COMMON_BLOCKS = YES;
				GCC_OPTIMIZATION_LEVEL = 0;
				GCC_PREPROCESSOR_DEFINITIONS = (
					"DEBUG=1",
					"$(inherited)",
				);
				GCC_WARN_64_TO_32_BIT_CONVERSION = YES;
				GCC_WARN_ABOUT_RETURN_TYPE = YES_ERROR;
				GCC_WARN_UNDECLARED_SELECTOR = YES;
				GCC_WARN_UNINITIALIZED_AUTOS = YES_AGGRESSIVE;
				GCC_WARN_UNUSED_FUNCTION = YES;
				GCC_WARN_UNUSED_VARIABLE = YES;
				IPHONEOS_DEPLOYMENT_TARGET = 12.1;
				MTL_ENABLE_DEBUG_INFO = INCLUDE_SOURCE;
				MTL_FAST_MATH = YES;
				ONLY_ACTIVE_ARCH = YES;
				SDKROOT = iphoneos;
				SWIFT_ACTIVE_COMPILATION_CONDITIONS = DEBUG;
				SWIFT_OPTIMIZATION_LEVEL = "-Onone";
			};
			name = Debug;
		};
		8459281221EF7BBF00FF1F18 /* Release */ = {
			isa = XCBuildConfiguration;
			buildSettings = {
				ALWAYS_SEARCH_USER_PATHS = NO;
				CLANG_ANALYZER_NONNULL = YES;
				CLANG_ANALYZER_NUMBER_OBJECT_CONVERSION = YES_AGGRESSIVE;
				CLANG_CXX_LANGUAGE_STANDARD = "gnu++14";
				CLANG_CXX_LIBRARY = "libc++";
				CLANG_ENABLE_MODULES = YES;
				CLANG_ENABLE_OBJC_ARC = YES;
				CLANG_ENABLE_OBJC_WEAK = YES;
				CLANG_WARN_BLOCK_CAPTURE_AUTORELEASING = YES;
				CLANG_WARN_BOOL_CONVERSION = YES;
				CLANG_WARN_COMMA = YES;
				CLANG_WARN_CONSTANT_CONVERSION = YES;
				CLANG_WARN_DEPRECATED_OBJC_IMPLEMENTATIONS = YES;
				CLANG_WARN_DIRECT_OBJC_ISA_USAGE = YES_ERROR;
				CLANG_WARN_DOCUMENTATION_COMMENTS = YES;
				CLANG_WARN_EMPTY_BODY = YES;
				CLANG_WARN_ENUM_CONVERSION = YES;
				CLANG_WARN_INFINITE_RECURSION = YES;
				CLANG_WARN_INT_CONVERSION = YES;
				CLANG_WARN_NON_LITERAL_NULL_CONVERSION = YES;
				CLANG_WARN_OBJC_IMPLICIT_RETAIN_SELF = YES;
				CLANG_WARN_OBJC_LITERAL_CONVERSION = YES;
				CLANG_WARN_OBJC_ROOT_CLASS = YES_ERROR;
				CLANG_WARN_RANGE_LOOP_ANALYSIS = YES;
				CLANG_WARN_STRICT_PROTOTYPES = YES;
				CLANG_WARN_SUSPICIOUS_MOVE = YES;
				CLANG_WARN_UNGUARDED_AVAILABILITY = YES_AGGRESSIVE;
				CLANG_WARN_UNREACHABLE_CODE = YES;
				CLANG_WARN__DUPLICATE_METHOD_MATCH = YES;
				CODE_SIGN_IDENTITY = "iPhone Developer";
				COPY_PHASE_STRIP = NO;
				DEBUG_INFORMATION_FORMAT = "dwarf-with-dsym";
				ENABLE_NS_ASSERTIONS = NO;
				ENABLE_STRICT_OBJC_MSGSEND = YES;
				GCC_C_LANGUAGE_STANDARD = gnu11;
				GCC_NO_COMMON_BLOCKS = YES;
				GCC_WARN_64_TO_32_BIT_CONVERSION = YES;
				GCC_WARN_ABOUT_RETURN_TYPE = YES_ERROR;
				GCC_WARN_UNDECLARED_SELECTOR = YES;
				GCC_WARN_UNINITIALIZED_AUTOS = YES_AGGRESSIVE;
				GCC_WARN_UNUSED_FUNCTION = YES;
				GCC_WARN_UNUSED_VARIABLE = YES;
				IPHONEOS_DEPLOYMENT_TARGET = 12.1;
				MTL_ENABLE_DEBUG_INFO = NO;
				MTL_FAST_MATH = YES;
				SDKROOT = iphoneos;
				SWIFT_COMPILATION_MODE = wholemodule;
				SWIFT_OPTIMIZATION_LEVEL = "-O";
				VALIDATE_PRODUCT = YES;
			};
			name = Release;
		};
		8459281421EF7BBF00FF1F18 /* Debug */ = {
			isa = XCBuildConfiguration;
			buildSettings = {
				ASSETCATALOG_COMPILER_APPICON_NAME = AppIcon;
				CODE_SIGN_STYLE = Automatic;
				DEVELOPMENT_TEAM = DYG5XF554D;
				INFOPLIST_FILE = playingWithJSONParsing/Info.plist;
				IPHONEOS_DEPLOYMENT_TARGET = 11.0;
				LD_RUNPATH_SEARCH_PATHS = (
					"$(inherited)",
					"@executable_path/Frameworks",
				);
				PRODUCT_BUNDLE_IDENTIFIER = com.jasonk.playingWithJSONParsing;
				PRODUCT_NAME = "$(TARGET_NAME)";
				SWIFT_VERSION = 4.2;
				TARGETED_DEVICE_FAMILY = "1,2";
			};
			name = Debug;
		};
		8459281521EF7BBF00FF1F18 /* Release */ = {
			isa = XCBuildConfiguration;
			buildSettings = {
				ASSETCATALOG_COMPILER_APPICON_NAME = AppIcon;
				CODE_SIGN_STYLE = Automatic;
				DEVELOPMENT_TEAM = DYG5XF554D;
				INFOPLIST_FILE = playingWithJSONParsing/Info.plist;
				IPHONEOS_DEPLOYMENT_TARGET = 11.0;
				LD_RUNPATH_SEARCH_PATHS = (
					"$(inherited)",
					"@executable_path/Frameworks",
				);
				PRODUCT_BUNDLE_IDENTIFIER = com.jasonk.playingWithJSONParsing;
				PRODUCT_NAME = "$(TARGET_NAME)";
				SWIFT_VERSION = 4.2;
				TARGETED_DEVICE_FAMILY = "1,2";
			};
			name = Release;
		};
/* End XCBuildConfiguration section */

/* Begin XCConfigurationList section */
		845927FC21EF7BB600FF1F18 /* Build configuration list for PBXProject "playingWithJSONParsing" */ = {
			isa = XCConfigurationList;
			buildConfigurations = (
				8459281121EF7BBF00FF1F18 /* Debug */,
				8459281221EF7BBF00FF1F18 /* Release */,
			);
			defaultConfigurationIsVisible = 0;
			defaultConfigurationName = Release;
		};
		8459281321EF7BBF00FF1F18 /* Build configuration list for PBXNativeTarget "playingWithJSONParsing" */ = {
			isa = XCConfigurationList;
			buildConfigurations = (
				8459281421EF7BBF00FF1F18 /* Debug */,
				8459281521EF7BBF00FF1F18 /* Release */,
			);
			defaultConfigurationIsVisible = 0;
			defaultConfigurationName = Release;
		};
/* End XCConfigurationList section */
	};
	rootObject = 845927F921EF7BB600FF1F18 /* Project object */;
}
